// !$*UTF8*$!
{
	archiveVersion = 1;
	classes = {
	};
	objectVersion = 56;
	objects = {

/* Begin PBXBuildFile section */
		832DEE412A90781600B3F58C /* Assets.xcassets in Resources */ = {isa = PBXBuildFile; fileRef = 839D27F22A8DAB1D001199D9 /* Assets.xcassets */; };
		832DEE422A90781600B3F58C /* Assets.xcassets in Resources */ = {isa = PBXBuildFile; fileRef = 839D27F22A8DAB1D001199D9 /* Assets.xcassets */; };
		832DEE452A90786100B3F58C /* Silom.ttf in Resources */ = {isa = PBXBuildFile; fileRef = 832DEE442A90786100B3F58C /* Silom.ttf */; };
		832DEE462A90786100B3F58C /* Silom.ttf in Resources */ = {isa = PBXBuildFile; fileRef = 832DEE442A90786100B3F58C /* Silom.ttf */; };
		832DEE472A90786100B3F58C /* Silom.ttf in Resources */ = {isa = PBXBuildFile; fileRef = 832DEE442A90786100B3F58C /* Silom.ttf */; };
		839D27E62A8DAB1D001199D9 /* AppDelegate.swift in Sources */ = {isa = PBXBuildFile; fileRef = 839D27E52A8DAB1D001199D9 /* AppDelegate.swift */; };
		839D27E82A8DAB1D001199D9 /* GameScene.sks in Resources */ = {isa = PBXBuildFile; fileRef = 839D27E72A8DAB1D001199D9 /* GameScene.sks */; };
		839D27EA2A8DAB1D001199D9 /* Actions.sks in Resources */ = {isa = PBXBuildFile; fileRef = 839D27E92A8DAB1D001199D9 /* Actions.sks */; };
		839D27EC2A8DAB1D001199D9 /* GameScene.swift in Sources */ = {isa = PBXBuildFile; fileRef = 839D27EB2A8DAB1D001199D9 /* GameScene.swift */; };
		839D27EE2A8DAB1D001199D9 /* GameViewController.swift in Sources */ = {isa = PBXBuildFile; fileRef = 839D27ED2A8DAB1D001199D9 /* GameViewController.swift */; };
		839D27F12A8DAB1D001199D9 /* Main.storyboard in Resources */ = {isa = PBXBuildFile; fileRef = 839D27EF2A8DAB1D001199D9 /* Main.storyboard */; };
		839D27F32A8DAB1D001199D9 /* Assets.xcassets in Resources */ = {isa = PBXBuildFile; fileRef = 839D27F22A8DAB1D001199D9 /* Assets.xcassets */; };
		839D27F62A8DAB1D001199D9 /* LaunchScreen.storyboard in Resources */ = {isa = PBXBuildFile; fileRef = 839D27F42A8DAB1D001199D9 /* LaunchScreen.storyboard */; };
		839D28002A8DAB1E001199D9 /* NC2_PracticeTests.swift in Sources */ = {isa = PBXBuildFile; fileRef = 839D27FF2A8DAB1E001199D9 /* NC2_PracticeTests.swift */; };
		839D280A2A8DAB1E001199D9 /* NC2_PracticeUITests.swift in Sources */ = {isa = PBXBuildFile; fileRef = 839D28092A8DAB1E001199D9 /* NC2_PracticeUITests.swift */; };
		839D280C2A8DAB1E001199D9 /* NC2_PracticeUITestsLaunchTests.swift in Sources */ = {isa = PBXBuildFile; fileRef = 839D280B2A8DAB1E001199D9 /* NC2_PracticeUITestsLaunchTests.swift */; };
		83B570732A9063F400F88370 /* GameOver.swift in Sources */ = {isa = PBXBuildFile; fileRef = 83B570722A9063F400F88370 /* GameOver.swift */; };
		83B570752A90640B00F88370 /* GameOver.sks in Resources */ = {isa = PBXBuildFile; fileRef = 83B570742A90640B00F88370 /* GameOver.sks */; };
		83F464B82A921E9800371CB6 /* GameOver.swift in Sources */ = {isa = PBXBuildFile; fileRef = 83B570722A9063F400F88370 /* GameOver.swift */; };
		83F464B92A921E9800371CB6 /* GameOver.swift in Sources */ = {isa = PBXBuildFile; fileRef = 83B570722A9063F400F88370 /* GameOver.swift */; };
/* End PBXBuildFile section */

/* Begin PBXContainerItemProxy section */
		839D27FC2A8DAB1E001199D9 /* PBXContainerItemProxy */ = {
			isa = PBXContainerItemProxy;
			containerPortal = 839D27DA2A8DAB1D001199D9 /* Project object */;
			proxyType = 1;
			remoteGlobalIDString = 839D27E12A8DAB1D001199D9;
			remoteInfo = NC2_Practice;
		};
		839D28062A8DAB1E001199D9 /* PBXContainerItemProxy */ = {
			isa = PBXContainerItemProxy;
			containerPortal = 839D27DA2A8DAB1D001199D9 /* Project object */;
			proxyType = 1;
			remoteGlobalIDString = 839D27E12A8DAB1D001199D9;
			remoteInfo = NC2_Practice;
		};
/* End PBXContainerItemProxy section */

/* Begin PBXFileReference section */
		832DEE442A90786100B3F58C /* Silom.ttf */ = {isa = PBXFileReference; lastKnownFileType = file; path = Silom.ttf; sourceTree = "<group>"; };
		832DEE482A907AD200B3F58C /* NC2-Practice-Info.plist */ = {isa = PBXFileReference; lastKnownFileType = text.plist; path = "NC2-Practice-Info.plist"; sourceTree = SOURCE_ROOT; };
		839D27E22A8DAB1D001199D9 /* NC2_Practice.app */ = {isa = PBXFileReference; explicitFileType = wrapper.application; includeInIndex = 0; path = NC2_Practice.app; sourceTree = BUILT_PRODUCTS_DIR; };
		839D27E52A8DAB1D001199D9 /* AppDelegate.swift */ = {isa = PBXFileReference; lastKnownFileType = sourcecode.swift; path = AppDelegate.swift; sourceTree = "<group>"; };
		839D27E72A8DAB1D001199D9 /* GameScene.sks */ = {isa = PBXFileReference; lastKnownFileType = file.sks; path = GameScene.sks; sourceTree = "<group>"; };
		839D27E92A8DAB1D001199D9 /* Actions.sks */ = {isa = PBXFileReference; lastKnownFileType = file.sks; path = Actions.sks; sourceTree = "<group>"; };
		839D27EB2A8DAB1D001199D9 /* GameScene.swift */ = {isa = PBXFileReference; lastKnownFileType = sourcecode.swift; path = GameScene.swift; sourceTree = "<group>"; };
		839D27ED2A8DAB1D001199D9 /* GameViewController.swift */ = {isa = PBXFileReference; lastKnownFileType = sourcecode.swift; path = GameViewController.swift; sourceTree = "<group>"; };
		839D27F02A8DAB1D001199D9 /* Base */ = {isa = PBXFileReference; lastKnownFileType = file.storyboard; name = Base; path = Base.lproj/Main.storyboard; sourceTree = "<group>"; };
		839D27F22A8DAB1D001199D9 /* Assets.xcassets */ = {isa = PBXFileReference; lastKnownFileType = folder.assetcatalog; path = Assets.xcassets; sourceTree = "<group>"; };
		839D27F52A8DAB1D001199D9 /* Base */ = {isa = PBXFileReference; lastKnownFileType = file.storyboard; name = Base; path = Base.lproj/LaunchScreen.storyboard; sourceTree = "<group>"; };
		839D27FB2A8DAB1E001199D9 /* NC2_PracticeTests.xctest */ = {isa = PBXFileReference; explicitFileType = wrapper.cfbundle; includeInIndex = 0; path = NC2_PracticeTests.xctest; sourceTree = BUILT_PRODUCTS_DIR; };
		839D27FF2A8DAB1E001199D9 /* NC2_PracticeTests.swift */ = {isa = PBXFileReference; lastKnownFileType = sourcecode.swift; path = NC2_PracticeTests.swift; sourceTree = "<group>"; };
		839D28052A8DAB1E001199D9 /* NC2_PracticeUITests.xctest */ = {isa = PBXFileReference; explicitFileType = wrapper.cfbundle; includeInIndex = 0; path = NC2_PracticeUITests.xctest; sourceTree = BUILT_PRODUCTS_DIR; };
		839D28092A8DAB1E001199D9 /* NC2_PracticeUITests.swift */ = {isa = PBXFileReference; lastKnownFileType = sourcecode.swift; path = NC2_PracticeUITests.swift; sourceTree = "<group>"; };
		839D280B2A8DAB1E001199D9 /* NC2_PracticeUITestsLaunchTests.swift */ = {isa = PBXFileReference; lastKnownFileType = sourcecode.swift; path = NC2_PracticeUITestsLaunchTests.swift; sourceTree = "<group>"; };
		83B570722A9063F400F88370 /* GameOver.swift */ = {isa = PBXFileReference; lastKnownFileType = sourcecode.swift; path = GameOver.swift; sourceTree = "<group>"; };
		83B570742A90640B00F88370 /* GameOver.sks */ = {isa = PBXFileReference; lastKnownFileType = file.sks; path = GameOver.sks; sourceTree = "<group>"; };
/* End PBXFileReference section */

/* Begin PBXFrameworksBuildPhase section */
		839D27DF2A8DAB1D001199D9 /* Frameworks */ = {
			isa = PBXFrameworksBuildPhase;
			buildActionMask = 2147483647;
			files = (
			);
			runOnlyForDeploymentPostprocessing = 0;
		};
		839D27F82A8DAB1E001199D9 /* Frameworks */ = {
			isa = PBXFrameworksBuildPhase;
			buildActionMask = 2147483647;
			files = (
			);
			runOnlyForDeploymentPostprocessing = 0;
		};
		839D28022A8DAB1E001199D9 /* Frameworks */ = {
			isa = PBXFrameworksBuildPhase;
			buildActionMask = 2147483647;
			files = (
			);
			runOnlyForDeploymentPostprocessing = 0;
		};
/* End PBXFrameworksBuildPhase section */

/* Begin PBXGroup section */
		832DEE432A90784A00B3F58C /* Font */ = {
			isa = PBXGroup;
			children = (
				832DEE442A90786100B3F58C /* Silom.ttf */,
			);
			path = Font;
			sourceTree = "<group>";
		};
		839D27D92A8DAB1D001199D9 = {
			isa = PBXGroup;
			children = (
				839D27E42A8DAB1D001199D9 /* NC2_Practice */,
				839D27FE2A8DAB1E001199D9 /* NC2_PracticeTests */,
				839D28082A8DAB1E001199D9 /* NC2_PracticeUITests */,
				839D27E32A8DAB1D001199D9 /* Products */,
			);
			sourceTree = "<group>";
		};
		839D27E32A8DAB1D001199D9 /* Products */ = {
			isa = PBXGroup;
			children = (
				839D27E22A8DAB1D001199D9 /* NC2_Practice.app */,
				839D27FB2A8DAB1E001199D9 /* NC2_PracticeTests.xctest */,
				839D28052A8DAB1E001199D9 /* NC2_PracticeUITests.xctest */,
			);
			name = Products;
			sourceTree = "<group>";
		};
		839D27E42A8DAB1D001199D9 /* NC2_Practice */ = {
			isa = PBXGroup;
			children = (
				832DEE482A907AD200B3F58C /* NC2-Practice-Info.plist */,
				839D27E52A8DAB1D001199D9 /* AppDelegate.swift */,
				839D27E92A8DAB1D001199D9 /* Actions.sks */,
				839D27E72A8DAB1D001199D9 /* GameScene.sks */,
				839D27EB2A8DAB1D001199D9 /* GameScene.swift */,
				83B570742A90640B00F88370 /* GameOver.sks */,
				83B570722A9063F400F88370 /* GameOver.swift */,
				839D27ED2A8DAB1D001199D9 /* GameViewController.swift */,
				839D27EF2A8DAB1D001199D9 /* Main.storyboard */,
				839D27F22A8DAB1D001199D9 /* Assets.xcassets */,
				839D27F42A8DAB1D001199D9 /* LaunchScreen.storyboard */,
				832DEE432A90784A00B3F58C /* Font */,
			);
			path = NC2_Practice;
			sourceTree = "<group>";
		};
		839D27FE2A8DAB1E001199D9 /* NC2_PracticeTests */ = {
			isa = PBXGroup;
			children = (
				839D27FF2A8DAB1E001199D9 /* NC2_PracticeTests.swift */,
			);
			path = NC2_PracticeTests;
			sourceTree = "<group>";
		};
		839D28082A8DAB1E001199D9 /* NC2_PracticeUITests */ = {
			isa = PBXGroup;
			children = (
				839D28092A8DAB1E001199D9 /* NC2_PracticeUITests.swift */,
				839D280B2A8DAB1E001199D9 /* NC2_PracticeUITestsLaunchTests.swift */,
			);
			path = NC2_PracticeUITests;
			sourceTree = "<group>";
		};
/* End PBXGroup section */

/* Begin PBXNativeTarget section */
		839D27E12A8DAB1D001199D9 /* NC2_Practice */ = {
			isa = PBXNativeTarget;
			buildConfigurationList = 839D280F2A8DAB1E001199D9 /* Build configuration list for PBXNativeTarget "NC2_Practice" */;
			buildPhases = (
				839D27DE2A8DAB1D001199D9 /* Sources */,
				839D27DF2A8DAB1D001199D9 /* Frameworks */,
				839D27E02A8DAB1D001199D9 /* Resources */,
			);
			buildRules = (
			);
			dependencies = (
			);
			name = NC2_Practice;
			productName = NC2_Practice;
			productReference = 839D27E22A8DAB1D001199D9 /* NC2_Practice.app */;
			productType = "com.apple.product-type.application";
		};
		839D27FA2A8DAB1E001199D9 /* NC2_PracticeTests */ = {
			isa = PBXNativeTarget;
			buildConfigurationList = 839D28122A8DAB1E001199D9 /* Build configuration list for PBXNativeTarget "NC2_PracticeTests" */;
			buildPhases = (
				839D27F72A8DAB1E001199D9 /* Sources */,
				839D27F82A8DAB1E001199D9 /* Frameworks */,
				839D27F92A8DAB1E001199D9 /* Resources */,
			);
			buildRules = (
			);
			dependencies = (
				839D27FD2A8DAB1E001199D9 /* PBXTargetDependency */,
			);
			name = NC2_PracticeTests;
			productName = NC2_PracticeTests;
			productReference = 839D27FB2A8DAB1E001199D9 /* NC2_PracticeTests.xctest */;
			productType = "com.apple.product-type.bundle.unit-test";
		};
		839D28042A8DAB1E001199D9 /* NC2_PracticeUITests */ = {
			isa = PBXNativeTarget;
			buildConfigurationList = 839D28152A8DAB1E001199D9 /* Build configuration list for PBXNativeTarget "NC2_PracticeUITests" */;
			buildPhases = (
				839D28012A8DAB1E001199D9 /* Sources */,
				839D28022A8DAB1E001199D9 /* Frameworks */,
				839D28032A8DAB1E001199D9 /* Resources */,
			);
			buildRules = (
			);
			dependencies = (
				839D28072A8DAB1E001199D9 /* PBXTargetDependency */,
			);
			name = NC2_PracticeUITests;
			productName = NC2_PracticeUITests;
			productReference = 839D28052A8DAB1E001199D9 /* NC2_PracticeUITests.xctest */;
			productType = "com.apple.product-type.bundle.ui-testing";
		};
/* End PBXNativeTarget section */

/* Begin PBXProject section */
		839D27DA2A8DAB1D001199D9 /* Project object */ = {
			isa = PBXProject;
			attributes = {
				BuildIndependentTargetsInParallel = 1;
				LastSwiftUpdateCheck = 1430;
				LastUpgradeCheck = 1430;
				TargetAttributes = {
					839D27E12A8DAB1D001199D9 = {
						CreatedOnToolsVersion = 14.3;
					};
					839D27FA2A8DAB1E001199D9 = {
						CreatedOnToolsVersion = 14.3;
						TestTargetID = 839D27E12A8DAB1D001199D9;
					};
					839D28042A8DAB1E001199D9 = {
						CreatedOnToolsVersion = 14.3;
						TestTargetID = 839D27E12A8DAB1D001199D9;
					};
				};
			};
			buildConfigurationList = 839D27DD2A8DAB1D001199D9 /* Build configuration list for PBXProject "NC2_Practice" */;
			compatibilityVersion = "Xcode 14.0";
			developmentRegion = en;
			hasScannedForEncodings = 0;
			knownRegions = (
				en,
				Base,
			);
			mainGroup = 839D27D92A8DAB1D001199D9;
			productRefGroup = 839D27E32A8DAB1D001199D9 /* Products */;
			projectDirPath = "";
			projectRoot = "";
			targets = (
				839D27E12A8DAB1D001199D9 /* NC2_Practice */,
				839D27FA2A8DAB1E001199D9 /* NC2_PracticeTests */,
				839D28042A8DAB1E001199D9 /* NC2_PracticeUITests */,
			);
		};
/* End PBXProject section */

/* Begin PBXResourcesBuildPhase section */
		839D27E02A8DAB1D001199D9 /* Resources */ = {
			isa = PBXResourcesBuildPhase;
			buildActionMask = 2147483647;
			files = (
				839D27F12A8DAB1D001199D9 /* Main.storyboard in Resources */,
				83B570752A90640B00F88370 /* GameOver.sks in Resources */,
				839D27E82A8DAB1D001199D9 /* GameScene.sks in Resources */,
				839D27F32A8DAB1D001199D9 /* Assets.xcassets in Resources */,
				839D27F62A8DAB1D001199D9 /* LaunchScreen.storyboard in Resources */,
				839D27EA2A8DAB1D001199D9 /* Actions.sks in Resources */,
				832DEE452A90786100B3F58C /* Silom.ttf in Resources */,
			);
			runOnlyForDeploymentPostprocessing = 0;
		};
		839D27F92A8DAB1E001199D9 /* Resources */ = {
			isa = PBXResourcesBuildPhase;
			buildActionMask = 2147483647;
			files = (
				832DEE412A90781600B3F58C /* Assets.xcassets in Resources */,
				832DEE462A90786100B3F58C /* Silom.ttf in Resources */,
			);
			runOnlyForDeploymentPostprocessing = 0;
		};
		839D28032A8DAB1E001199D9 /* Resources */ = {
			isa = PBXResourcesBuildPhase;
			buildActionMask = 2147483647;
			files = (
				832DEE422A90781600B3F58C /* Assets.xcassets in Resources */,
				832DEE472A90786100B3F58C /* Silom.ttf in Resources */,
			);
			runOnlyForDeploymentPostprocessing = 0;
		};
/* End PBXResourcesBuildPhase section */

/* Begin PBXSourcesBuildPhase section */
		839D27DE2A8DAB1D001199D9 /* Sources */ = {
			isa = PBXSourcesBuildPhase;
			buildActionMask = 2147483647;
			files = (
				839D27EC2A8DAB1D001199D9 /* GameScene.swift in Sources */,
				839D27EE2A8DAB1D001199D9 /* GameViewController.swift in Sources */,
				839D27E62A8DAB1D001199D9 /* AppDelegate.swift in Sources */,
				83B570732A9063F400F88370 /* GameOver.swift in Sources */,
			);
			runOnlyForDeploymentPostprocessing = 0;
		};
		839D27F72A8DAB1E001199D9 /* Sources */ = {
			isa = PBXSourcesBuildPhase;
			buildActionMask = 2147483647;
			files = (
				839D28002A8DAB1E001199D9 /* NC2_PracticeTests.swift in Sources */,
				83F464B82A921E9800371CB6 /* GameOver.swift in Sources */,
			);
			runOnlyForDeploymentPostprocessing = 0;
		};
		839D28012A8DAB1E001199D9 /* Sources */ = {
			isa = PBXSourcesBuildPhase;
			buildActionMask = 2147483647;
			files = (
				83F464B92A921E9800371CB6 /* GameOver.swift in Sources */,
				839D280A2A8DAB1E001199D9 /* NC2_PracticeUITests.swift in Sources */,
				839D280C2A8DAB1E001199D9 /* NC2_PracticeUITestsLaunchTests.swift in Sources */,
			);
			runOnlyForDeploymentPostprocessing = 0;
		};
/* End PBXSourcesBuildPhase section */

/* Begin PBXTargetDependency section */
		839D27FD2A8DAB1E001199D9 /* PBXTargetDependency */ = {
			isa = PBXTargetDependency;
			target = 839D27E12A8DAB1D001199D9 /* NC2_Practice */;
			targetProxy = 839D27FC2A8DAB1E001199D9 /* PBXContainerItemProxy */;
		};
		839D28072A8DAB1E001199D9 /* PBXTargetDependency */ = {
			isa = PBXTargetDependency;
			target = 839D27E12A8DAB1D001199D9 /* NC2_Practice */;
			targetProxy = 839D28062A8DAB1E001199D9 /* PBXContainerItemProxy */;
		};
/* End PBXTargetDependency section */

/* Begin PBXVariantGroup section */
		839D27EF2A8DAB1D001199D9 /* Main.storyboard */ = {
			isa = PBXVariantGroup;
			children = (
				839D27F02A8DAB1D001199D9 /* Base */,
			);
			name = Main.storyboard;
			sourceTree = "<group>";
		};
		839D27F42A8DAB1D001199D9 /* LaunchScreen.storyboard */ = {
			isa = PBXVariantGroup;
			children = (
				839D27F52A8DAB1D001199D9 /* Base */,
			);
			name = LaunchScreen.storyboard;
			sourceTree = "<group>";
		};
/* End PBXVariantGroup section */

/* Begin XCBuildConfiguration section */
		839D280D2A8DAB1E001199D9 /* Debug */ = {
			isa = XCBuildConfiguration;
			buildSettings = {
				ALWAYS_SEARCH_USER_PATHS = NO;
				CLANG_ANALYZER_NONNULL = YES;
				CLANG_ANALYZER_NUMBER_OBJECT_CONVERSION = YES_AGGRESSIVE;
				CLANG_CXX_LANGUAGE_STANDARD = "gnu++20";
				CLANG_ENABLE_MODULES = YES;
				CLANG_ENABLE_OBJC_ARC = YES;
				CLANG_ENABLE_OBJC_WEAK = YES;
				CLANG_WARN_BLOCK_CAPTURE_AUTORELEASING = YES;
				CLANG_WARN_BOOL_CONVERSION = YES;
				CLANG_WARN_COMMA = YES;
				CLANG_WARN_CONSTANT_CONVERSION = YES;
				CLANG_WARN_DEPRECATED_OBJC_IMPLEMENTATIONS = YES;
				CLANG_WARN_DIRECT_OBJC_ISA_USAGE = YES_ERROR;
				CLANG_WARN_DOCUMENTATION_COMMENTS = YES;
				CLANG_WARN_EMPTY_BODY = YES;
				CLANG_WARN_ENUM_CONVERSION = YES;
				CLANG_WARN_INFINITE_RECURSION = YES;
				CLANG_WARN_INT_CONVERSION = YES;
				CLANG_WARN_NON_LITERAL_NULL_CONVERSION = YES;
				CLANG_WARN_OBJC_IMPLICIT_RETAIN_SELF = YES;
				CLANG_WARN_OBJC_LITERAL_CONVERSION = YES;
				CLANG_WARN_OBJC_ROOT_CLASS = YES_ERROR;
				CLANG_WARN_QUOTED_INCLUDE_IN_FRAMEWORK_HEADER = YES;
				CLANG_WARN_RANGE_LOOP_ANALYSIS = YES;
				CLANG_WARN_STRICT_PROTOTYPES = YES;
				CLANG_WARN_SUSPICIOUS_MOVE = YES;
				CLANG_WARN_UNGUARDED_AVAILABILITY = YES_AGGRESSIVE;
				CLANG_WARN_UNREACHABLE_CODE = YES;
				CLANG_WARN__DUPLICATE_METHOD_MATCH = YES;
				COPY_PHASE_STRIP = NO;
				DEBUG_INFORMATION_FORMAT = dwarf;
				ENABLE_STRICT_OBJC_MSGSEND = YES;
				ENABLE_TESTABILITY = YES;
				GCC_C_LANGUAGE_STANDARD = gnu11;
				GCC_DYNAMIC_NO_PIC = NO;
				GCC_NO_COMMON_BLOCKS = YES;
				GCC_OPTIMIZATION_LEVEL = 0;
				GCC_PREPROCESSOR_DEFINITIONS = (
					"DEBUG=1",
					"$(inherited)",
				);
				GCC_WARN_64_TO_32_BIT_CONVERSION = YES;
				GCC_WARN_ABOUT_RETURN_TYPE = YES_ERROR;
				GCC_WARN_UNDECLARED_SELECTOR = YES;
				GCC_WARN_UNINITIALIZED_AUTOS = YES_AGGRESSIVE;
				GCC_WARN_UNUSED_FUNCTION = YES;
				GCC_WARN_UNUSED_VARIABLE = YES;
				IPHONEOS_DEPLOYMENT_TARGET = 16.4;
				MTL_ENABLE_DEBUG_INFO = INCLUDE_SOURCE;
				MTL_FAST_MATH = YES;
				ONLY_ACTIVE_ARCH = YES;
				SDKROOT = iphoneos;
				SWIFT_ACTIVE_COMPILATION_CONDITIONS = DEBUG;
				SWIFT_OPTIMIZATION_LEVEL = "-Onone";
			};
			name = Debug;
		};
		839D280E2A8DAB1E001199D9 /* Release */ = {
			isa = XCBuildConfiguration;
			buildSettings = {
				ALWAYS_SEARCH_USER_PATHS = NO;
				CLANG_ANALYZER_NONNULL = YES;
				CLANG_ANALYZER_NUMBER_OBJECT_CONVERSION = YES_AGGRESSIVE;
				CLANG_CXX_LANGUAGE_STANDARD = "gnu++20";
				CLANG_ENABLE_MODULES = YES;
				CLANG_ENABLE_OBJC_ARC = YES;
				CLANG_ENABLE_OBJC_WEAK = YES;
				CLANG_WARN_BLOCK_CAPTURE_AUTORELEASING = YES;
				CLANG_WARN_BOOL_CONVERSION = YES;
				CLANG_WARN_COMMA = YES;
				CLANG_WARN_CONSTANT_CONVERSION = YES;
				CLANG_WARN_DEPRECATED_OBJC_IMPLEMENTATIONS = YES;
				CLANG_WARN_DIRECT_OBJC_ISA_USAGE = YES_ERROR;
				CLANG_WARN_DOCUMENTATION_COMMENTS = YES;
				CLANG_WARN_EMPTY_BODY = YES;
				CLANG_WARN_ENUM_CONVERSION = YES;
				CLANG_WARN_INFINITE_RECURSION = YES;
				CLANG_WARN_INT_CONVERSION = YES;
				CLANG_WARN_NON_LITERAL_NULL_CONVERSION = YES;
				CLANG_WARN_OBJC_IMPLICIT_RETAIN_SELF = YES;
				CLANG_WARN_OBJC_LITERAL_CONVERSION = YES;
				CLANG_WARN_OBJC_ROOT_CLASS = YES_ERROR;
				CLANG_WARN_QUOTED_INCLUDE_IN_FRAMEWORK_HEADER = YES;
				CLANG_WARN_RANGE_LOOP_ANALYSIS = YES;
				CLANG_WARN_STRICT_PROTOTYPES = YES;
				CLANG_WARN_SUSPICIOUS_MOVE = YES;
				CLANG_WARN_UNGUARDED_AVAILABILITY = YES_AGGRESSIVE;
				CLANG_WARN_UNREACHABLE_CODE = YES;
				CLANG_WARN__DUPLICATE_METHOD_MATCH = YES;
				COPY_PHASE_STRIP = NO;
				DEBUG_INFORMATION_FORMAT = "dwarf-with-dsym";
				ENABLE_NS_ASSERTIONS = NO;
				ENABLE_STRICT_OBJC_MSGSEND = YES;
				GCC_C_LANGUAGE_STANDARD = gnu11;
				GCC_NO_COMMON_BLOCKS = YES;
				GCC_WARN_64_TO_32_BIT_CONVERSION = YES;
				GCC_WARN_ABOUT_RETURN_TYPE = YES_ERROR;
				GCC_WARN_UNDECLARED_SELECTOR = YES;
				GCC_WARN_UNINITIALIZED_AUTOS = YES_AGGRESSIVE;
				GCC_WARN_UNUSED_FUNCTION = YES;
				GCC_WARN_UNUSED_VARIABLE = YES;
				IPHONEOS_DEPLOYMENT_TARGET = 16.4;
				MTL_ENABLE_DEBUG_INFO = NO;
				MTL_FAST_MATH = YES;
				SDKROOT = iphoneos;
				SWIFT_COMPILATION_MODE = wholemodule;
				SWIFT_OPTIMIZATION_LEVEL = "-O";
				VALIDATE_PRODUCT = YES;
			};
			name = Release;
		};
		839D28102A8DAB1E001199D9 /* Debug */ = {
			isa = XCBuildConfiguration;
			buildSettings = {
				ASSETCATALOG_COMPILER_APPICON_NAME = AppIcon;
				ASSETCATALOG_COMPILER_GLOBAL_ACCENT_COLOR_NAME = AccentColor;
				CODE_SIGN_STYLE = Automatic;
				CURRENT_PROJECT_VERSION = 1;
				DEVELOPMENT_TEAM = 7UK5M23JTU;
				GENERATE_INFOPLIST_FILE = YES;
				INFOPLIST_FILE = "NC2-Practice-Info.plist";
				INFOPLIST_KEY_UIApplicationSupportsIndirectInputEvents = YES;
				INFOPLIST_KEY_UILaunchStoryboardName = LaunchScreen;
				INFOPLIST_KEY_UIMainStoryboardFile = Main;
				INFOPLIST_KEY_UIStatusBarHidden = YES;
				INFOPLIST_KEY_UISupportedInterfaceOrientations_iPad = "UIInterfaceOrientationPortrait UIInterfaceOrientationPortraitUpsideDown UIInterfaceOrientationLandscapeLeft UIInterfaceOrientationLandscapeRight";
				INFOPLIST_KEY_UISupportedInterfaceOrientations_iPhone = "UIInterfaceOrientationPortrait UIInterfaceOrientationLandscapeLeft UIInterfaceOrientationLandscapeRight";
				LD_RUNPATH_SEARCH_PATHS = (
					"$(inherited)",
					"@executable_path/Frameworks",
				);
				MARKETING_VERSION = 1.0;
				PRODUCT_BUNDLE_IDENTIFIER = "Santa.NC2-Practice";
				PRODUCT_NAME = "$(TARGET_NAME)";
				SUPPORTED_PLATFORMS = "iphoneos iphonesimulator";
				SUPPORTS_MACCATALYST = NO;
				SUPPORTS_MAC_DESIGNED_FOR_IPHONE_IPAD = NO;
				SWIFT_EMIT_LOC_STRINGS = YES;
				SWIFT_VERSION = 5.0;
				TARGETED_DEVICE_FAMILY = 1;
			};
			name = Debug;
		};
		839D28112A8DAB1E001199D9 /* Release */ = {
			isa = XCBuildConfiguration;
			buildSettings = {
				ASSETCATALOG_COMPILER_APPICON_NAME = AppIcon;
				ASSETCATALOG_COMPILER_GLOBAL_ACCENT_COLOR_NAME = AccentColor;
				CODE_SIGN_STYLE = Automatic;
				CURRENT_PROJECT_VERSION = 1;
				DEVELOPMENT_TEAM = 7UK5M23JTU;
				GENERATE_INFOPLIST_FILE = YES;
				INFOPLIST_FILE = "NC2-Practice-Info.plist";
				INFOPLIST_KEY_UIApplicationSupportsIndirectInputEvents = YES;
				INFOPLIST_KEY_UILaunchStoryboardName = LaunchScreen;
				INFOPLIST_KEY_UIMainStoryboardFile = Main;
				INFOPLIST_KEY_UIStatusBarHidden = YES;
				INFOPLIST_KEY_UISupportedInterfaceOrientations_iPad = "UIInterfaceOrientationPortrait UIInterfaceOrientationPortraitUpsideDown UIInterfaceOrientationLandscapeLeft UIInterfaceOrientationLandscapeRight";
				INFOPLIST_KEY_UISupportedInterfaceOrientations_iPhone = "UIInterfaceOrientationPortrait UIInterfaceOrientationLandscapeLeft UIInterfaceOrientationLandscapeRight";
				LD_RUNPATH_SEARCH_PATHS = (
					"$(inherited)",
					"@executable_path/Frameworks",
				);
				MARKETING_VERSION = 1.0;
				PRODUCT_BUNDLE_IDENTIFIER = "Santa.NC2-Practice";
				PRODUCT_NAME = "$(TARGET_NAME)";
				SUPPORTED_PLATFORMS = "iphoneos iphonesimulator";
				SUPPORTS_MACCATALYST = NO;
				SUPPORTS_MAC_DESIGNED_FOR_IPHONE_IPAD = NO;
				SWIFT_EMIT_LOC_STRINGS = YES;
				SWIFT_VERSION = 5.0;
				TARGETED_DEVICE_FAMILY = 1;
			};
			name = Release;
		};
		839D28132A8DAB1E001199D9 /* Debug */ = {
			isa = XCBuildConfiguration;
			buildSettings = {
				ALWAYS_EMBED_SWIFT_STANDARD_LIBRARIES = YES;
				BUNDLE_LOADER = "$(TEST_HOST)";
				CODE_SIGN_STYLE = Automatic;
				CURRENT_PROJECT_VERSION = 1;
				DEVELOPMENT_TEAM = 7UK5M23JTU;
				GENERATE_INFOPLIST_FILE = YES;
				IPHONEOS_DEPLOYMENT_TARGET = 16.4;
				MARKETING_VERSION = 1.0;
				PRODUCT_BUNDLE_IDENTIFIER = "Santa.NC2-PracticeTests";
				PRODUCT_NAME = "$(TARGET_NAME)";
				SUPPORTED_PLATFORMS = "iphoneos iphonesimulator";
				SUPPORTS_MACCATALYST = NO;
				SUPPORTS_MAC_DESIGNED_FOR_IPHONE_IPAD = NO;
				SWIFT_EMIT_LOC_STRINGS = NO;
				SWIFT_VERSION = 5.0;
				TARGETED_DEVICE_FAMILY = 1;
				TEST_HOST = "$(BUILT_PRODUCTS_DIR)/NC2_Practice.app/$(BUNDLE_EXECUTABLE_FOLDER_PATH)/NC2_Practice";
			};
			name = Debug;
		};
		839D28142A8DAB1E001199D9 /* Release */ = {
			isa = XCBuildConfiguration;
			buildSettings = {
				ALWAYS_EMBED_SWIFT_STANDARD_LIBRARIES = YES;
				BUNDLE_LOADER = "$(TEST_HOST)";
				CODE_SIGN_STYLE = Automatic;
				CURRENT_PROJECT_VERSION = 1;
				DEVELOPMENT_TEAM = 7UK5M23JTU;
				GENERATE_INFOPLIST_FILE = YES;
				IPHONEOS_DEPLOYMENT_TARGET = 16.4;
				MARKETING_VERSION = 1.0;
				PRODUCT_BUNDLE_IDENTIFIER = "Santa.NC2-PracticeTests";
				PRODUCT_NAME = "$(TARGET_NAME)";
				SUPPORTED_PLATFORMS = "iphoneos iphonesimulator";
				SUPPORTS_MACCATALYST = NO;
				SUPPORTS_MAC_DESIGNED_FOR_IPHONE_IPAD = NO;
				SWIFT_EMIT_LOC_STRINGS = NO;
				SWIFT_VERSION = 5.0;
				TARGETED_DEVICE_FAMILY = 1;
				TEST_HOST = "$(BUILT_PRODUCTS_DIR)/NC2_Practice.app/$(BUNDLE_EXECUTABLE_FOLDER_PATH)/NC2_Practice";
			};
			name = Release;
		};
		839D28162A8DAB1E001199D9 /* Debug */ = {
			isa = XCBuildConfiguration;
			buildSettings = {
				ALWAYS_EMBED_SWIFT_STANDARD_LIBRARIES = YES;
				CODE_SIGN_STYLE = Automatic;
				CURRENT_PROJECT_VERSION = 1;
				DEVELOPMENT_TEAM = 7UK5M23JTU;
				GENERATE_INFOPLIST_FILE = YES;
				MARKETING_VERSION = 1.0;
				PRODUCT_BUNDLE_IDENTIFIER = "Santa.NC2-PracticeUITests";
				PRODUCT_NAME = "$(TARGET_NAME)";
				SUPPORTED_PLATFORMS = "iphoneos iphonesimulator";
				SUPPORTS_MACCATALYST = NO;
				SUPPORTS_MAC_DESIGNED_FOR_IPHONE_IPAD = NO;
				SWIFT_EMIT_LOC_STRINGS = NO;
				SWIFT_VERSION = 5.0;
				TARGETED_DEVICE_FAMILY = 1;
				TEST_TARGET_NAME = NC2_Practice;
			};
			name = Debug;
		};
		839D28172A8DAB1E001199D9 /* Release */ = {
			isa = XCBuildConfiguration;
			buildSettings = {
				ALWAYS_EMBED_SWIFT_STANDARD_LIBRARIES = YES;
				CODE_SIGN_STYLE = Automatic;
				CURRENT_PROJECT_VERSION = 1;
				DEVELOPMENT_TEAM = 7UK5M23JTU;
				GENERATE_INFOPLIST_FILE = YES;
				MARKETING_VERSION = 1.0;
				PRODUCT_BUNDLE_IDENTIFIER = "Santa.NC2-PracticeUITests";
				PRODUCT_NAME = "$(TARGET_NAME)";
				SUPPORTED_PLATFORMS = "iphoneos iphonesimulator";
				SUPPORTS_MACCATALYST = NO;
				SUPPORTS_MAC_DESIGNED_FOR_IPHONE_IPAD = NO;
				SWIFT_EMIT_LOC_STRINGS = NO;
				SWIFT_VERSION = 5.0;
				TARGETED_DEVICE_FAMILY = 1;
				TEST_TARGET_NAME = NC2_Practice;
			};
			name = Release;
		};
/* End XCBuildConfiguration section */

/* Begin XCConfigurationList section */
		839D27DD2A8DAB1D001199D9 /* Build configuration list for PBXProject "NC2_Practice" */ = {
			isa = XCConfigurationList;
			buildConfigurations = (
				839D280D2A8DAB1E001199D9 /* Debug */,
				839D280E2A8DAB1E001199D9 /* Release */,
			);
			defaultConfigurationIsVisible = 0;
			defaultConfigurationName = Release;
		};
		839D280F2A8DAB1E001199D9 /* Build configuration list for PBXNativeTarget "NC2_Practice" */ = {
			isa = XCConfigurationList;
			buildConfigurations = (
				839D28102A8DAB1E001199D9 /* Debug */,
				839D28112A8DAB1E001199D9 /* Release */,
			);
			defaultConfigurationIsVisible = 0;
			defaultConfigurationName = Release;
		};
		839D28122A8DAB1E001199D9 /* Build configuration list for PBXNativeTarget "NC2_PracticeTests" */ = {
			isa = XCConfigurationList;
			buildConfigurations = (
				839D28132A8DAB1E001199D9 /* Debug */,
				839D28142A8DAB1E001199D9 /* Release */,
			);
			defaultConfigurationIsVisible = 0;
			defaultConfigurationName = Release;
		};
		839D28152A8DAB1E001199D9 /* Build configuration list for PBXNativeTarget "NC2_PracticeUITests" */ = {
			isa = XCConfigurationList;
			buildConfigurations = (
				839D28162A8DAB1E001199D9 /* Debug */,
				839D28172A8DAB1E001199D9 /* Release */,
			);
			defaultConfigurationIsVisible = 0;
			defaultConfigurationName = Release;
		};
/* End XCConfigurationList section */
	};
	rootObject = 839D27DA2A8DAB1D001199D9 /* Project object */;
}
